
Microsoft Visual Studio Solution File, Format Version 12.00
# Visual Studio Version 16
VisualStudioVersion = 16.0.32228.343
MinimumVisualStudioVersion = 10.0.40219.1
Project("{FAE04EC0-301F-11D3-BF4B-00C04F79EFBC}") = "Introduction", "Introduction\Introduction.csproj", "{D2631F7C-0250-4B88-8FD4-7C258D0FF715}"
EndProject
Global
	GlobalSection(SolutionConfigurationPlatforms) = preSolution
		Debug|Any CPU = Debug|Any CPU
		Release|Any CPU = Release|Any CPU
	EndGlobalSection
	GlobalSection(ProjectConfigurationPlatforms) = postSolution
		{D2631F7C-0250-4B88-8FD4-7C258D0FF715}.Debug|Any CPU.ActiveCfg = Debug|Any CPU
		{D2631F7C-0250-4B88-8FD4-7C258D0FF715}.Debug|Any CPU.Build.0 = Debug|Any CPU
		{D2631F7C-0250-4B88-8FD4-7C258D0FF715}.Release|Any CPU.ActiveCfg = Release|Any CPU
		{D2631F7C-0250-4B88-8FD4-7C258D0FF715}.Release|Any CPU.Build.0 = Release|Any CPU
	EndGlobalSection
	GlobalSection(SolutionProperties) = preSolution
		HideSolutionNode = FALSE
	EndGlobalSection
	GlobalSection(ExtensibilityGlobals) = postSolution
		SolutionGuid = {DD543D85-CE0B-440F-9564-5B62AD7924BA}
	EndGlobalSection
EndGlobal
